// !$*UTF8*$!
{
	archiveVersion = 1;
	classes = {
	};
	objectVersion = 46;
	objects = {

/* Begin PBXBuildFile section */
		24235FB50C4B185E895372FE /* Pods_MeetUpAssessment.framework in Frameworks */ = {isa = PBXBuildFile; fileRef = F51AC03FF09690CF9075D669 /* Pods_MeetUpAssessment.framework */; };
		C7E88FD21F1C6FC800CA4478 /* AppDelegate.swift in Sources */ = {isa = PBXBuildFile; fileRef = C7E88FD11F1C6FC800CA4478 /* AppDelegate.swift */; };
		C7E88FD71F1C6FC800CA4478 /* Main.storyboard in Resources */ = {isa = PBXBuildFile; fileRef = C7E88FD51F1C6FC800CA4478 /* Main.storyboard */; };
		C7E88FD91F1C6FC800CA4478 /* Assets.xcassets in Resources */ = {isa = PBXBuildFile; fileRef = C7E88FD81F1C6FC800CA4478 /* Assets.xcassets */; };
		C7E88FDC1F1C6FC800CA4478 /* LaunchScreen.storyboard in Resources */ = {isa = PBXBuildFile; fileRef = C7E88FDA1F1C6FC800CA4478 /* LaunchScreen.storyboard */; };
		C7E88FE41F1C767F00CA4478 /* GoogleService-Info.plist in Resources */ = {isa = PBXBuildFile; fileRef = C7E88FE31F1C767F00CA4478 /* GoogleService-Info.plist */; };
		C7E88FEC1F1C778000CA4478 /* CoreLocation.framework in Frameworks */ = {isa = PBXBuildFile; fileRef = C7E88FEB1F1C778000CA4478 /* CoreLocation.framework */; };
		C7E88FEE1F1C778C00CA4478 /* MapKit.framework in Frameworks */ = {isa = PBXBuildFile; fileRef = C7E88FED1F1C778C00CA4478 /* MapKit.framework */; };
		C7E88FF01F1C77AF00CA4478 /* LoginVC.swift in Sources */ = {isa = PBXBuildFile; fileRef = C7E88FEF1F1C77AF00CA4478 /* LoginVC.swift */; };
		C7E88FF21F1C77C000CA4478 /* RegisterVC.swift in Sources */ = {isa = PBXBuildFile; fileRef = C7E88FF11F1C77C000CA4478 /* RegisterVC.swift */; };
		C7E88FF41F1C77D700CA4478 /* MainVC.swift in Sources */ = {isa = PBXBuildFile; fileRef = C7E88FF31F1C77D700CA4478 /* MainVC.swift */; };
		C7E88FF61F1C781400CA4478 /* UserProfile.swift in Sources */ = {isa = PBXBuildFile; fileRef = C7E88FF51F1C781400CA4478 /* UserProfile.swift */; };
		C7E88FF81F1C7A1200CA4478 /* Auth.storyboard in Resources */ = {isa = PBXBuildFile; fileRef = C7E88FF71F1C7A1200CA4478 /* Auth.storyboard */; };
		C7E88FFA1F1CA16500CA4478 /* CircleView.swift in Sources */ = {isa = PBXBuildFile; fileRef = C7E88FF91F1CA16500CA4478 /* CircleView.swift */; };
		C7E88FFC1F1CA99F00CA4478 /* AddVC.swift in Sources */ = {isa = PBXBuildFile; fileRef = C7E88FFB1F1CA99F00CA4478 /* AddVC.swift */; };
		C7E88FFE1F1CA9B000CA4478 /* SearchVC.swift in Sources */ = {isa = PBXBuildFile; fileRef = C7E88FFD1F1CA9B000CA4478 /* SearchVC.swift */; };
		C7E890001F1CAA6800CA4478 /* ProfileVC.swift in Sources */ = {isa = PBXBuildFile; fileRef = C7E88FFF1F1CAA6800CA4478 /* ProfileVC.swift */; };
		C7E890021F1CAA7400CA4478 /* EditProfileVC.swift in Sources */ = {isa = PBXBuildFile; fileRef = C7E890011F1CAA7400CA4478 /* EditProfileVC.swift */; };
		C7E890041F1CAF1800CA4478 /* ListCell.swift in Sources */ = {isa = PBXBuildFile; fileRef = C7E890031F1CAF1800CA4478 /* ListCell.swift */; };
		C7E890061F1D11E900CA4478 /* SearchCell.swift in Sources */ = {isa = PBXBuildFile; fileRef = C7E890051F1D11E900CA4478 /* SearchCell.swift */; };
		C7E8900A1F1DABC300CA4478 /* SelectedEventVC.swift in Sources */ = {isa = PBXBuildFile; fileRef = C7E890091F1DABC300CA4478 /* SelectedEventVC.swift */; };
		C7E8900C1F1DADF300CA4478 /* EventData.swift in Sources */ = {isa = PBXBuildFile; fileRef = C7E8900B1F1DADF300CA4478 /* EventData.swift */; };
/* End PBXBuildFile section */

/* Begin PBXFileReference section */
		AF3395E2D08A3F0BA09C7998 /* Pods-MeetUpAssessment.debug.xcconfig */ = {isa = PBXFileReference; includeInIndex = 1; lastKnownFileType = text.xcconfig; name = "Pods-MeetUpAssessment.debug.xcconfig"; path = "Pods/Target Support Files/Pods-MeetUpAssessment/Pods-MeetUpAssessment.debug.xcconfig"; sourceTree = "<group>"; };
		C7E88FCE1F1C6FC800CA4478 /* MeetUpAssessment.app */ = {isa = PBXFileReference; explicitFileType = wrapper.application; includeInIndex = 0; path = MeetUpAssessment.app; sourceTree = BUILT_PRODUCTS_DIR; };
		C7E88FD11F1C6FC800CA4478 /* AppDelegate.swift */ = {isa = PBXFileReference; lastKnownFileType = sourcecode.swift; path = AppDelegate.swift; sourceTree = "<group>"; };
		C7E88FD61F1C6FC800CA4478 /* Base */ = {isa = PBXFileReference; lastKnownFileType = file.storyboard; name = Base; path = Base.lproj/Main.storyboard; sourceTree = "<group>"; };
		C7E88FD81F1C6FC800CA4478 /* Assets.xcassets */ = {isa = PBXFileReference; lastKnownFileType = folder.assetcatalog; path = Assets.xcassets; sourceTree = "<group>"; };
		C7E88FDB1F1C6FC800CA4478 /* Base */ = {isa = PBXFileReference; lastKnownFileType = file.storyboard; name = Base; path = Base.lproj/LaunchScreen.storyboard; sourceTree = "<group>"; };
		C7E88FDD1F1C6FC800CA4478 /* Info.plist */ = {isa = PBXFileReference; lastKnownFileType = text.plist.xml; path = Info.plist; sourceTree = "<group>"; };
		C7E88FE31F1C767F00CA4478 /* GoogleService-Info.plist */ = {isa = PBXFileReference; fileEncoding = 4; lastKnownFileType = text.plist.xml; path = "GoogleService-Info.plist"; sourceTree = "<group>"; };
		C7E88FEB1F1C778000CA4478 /* CoreLocation.framework */ = {isa = PBXFileReference; lastKnownFileType = wrapper.framework; name = CoreLocation.framework; path = System/Library/Frameworks/CoreLocation.framework; sourceTree = SDKROOT; };
		C7E88FED1F1C778C00CA4478 /* MapKit.framework */ = {isa = PBXFileReference; lastKnownFileType = wrapper.framework; name = MapKit.framework; path = System/Library/Frameworks/MapKit.framework; sourceTree = SDKROOT; };
		C7E88FEF1F1C77AF00CA4478 /* LoginVC.swift */ = {isa = PBXFileReference; fileEncoding = 4; lastKnownFileType = sourcecode.swift; path = LoginVC.swift; sourceTree = "<group>"; };
		C7E88FF11F1C77C000CA4478 /* RegisterVC.swift */ = {isa = PBXFileReference; fileEncoding = 4; lastKnownFileType = sourcecode.swift; path = RegisterVC.swift; sourceTree = "<group>"; };
		C7E88FF31F1C77D700CA4478 /* MainVC.swift */ = {isa = PBXFileReference; fileEncoding = 4; lastKnownFileType = sourcecode.swift; path = MainVC.swift; sourceTree = "<group>"; };
		C7E88FF51F1C781400CA4478 /* UserProfile.swift */ = {isa = PBXFileReference; fileEncoding = 4; lastKnownFileType = sourcecode.swift; path = UserProfile.swift; sourceTree = "<group>"; };
		C7E88FF71F1C7A1200CA4478 /* Auth.storyboard */ = {isa = PBXFileReference; fileEncoding = 4; lastKnownFileType = file.storyboard; path = Auth.storyboard; sourceTree = "<group>"; };
		C7E88FF91F1CA16500CA4478 /* CircleView.swift */ = {isa = PBXFileReference; fileEncoding = 4; lastKnownFileType = sourcecode.swift; path = CircleView.swift; sourceTree = "<group>"; };
		C7E88FFB1F1CA99F00CA4478 /* AddVC.swift */ = {isa = PBXFileReference; fileEncoding = 4; lastKnownFileType = sourcecode.swift; path = AddVC.swift; sourceTree = "<group>"; };
		C7E88FFD1F1CA9B000CA4478 /* SearchVC.swift */ = {isa = PBXFileReference; fileEncoding = 4; lastKnownFileType = sourcecode.swift; path = SearchVC.swift; sourceTree = "<group>"; };
		C7E88FFF1F1CAA6800CA4478 /* ProfileVC.swift */ = {isa = PBXFileReference; fileEncoding = 4; lastKnownFileType = sourcecode.swift; path = ProfileVC.swift; sourceTree = "<group>"; };
		C7E890011F1CAA7400CA4478 /* EditProfileVC.swift */ = {isa = PBXFileReference; fileEncoding = 4; lastKnownFileType = sourcecode.swift; path = EditProfileVC.swift; sourceTree = "<group>"; };
		C7E890031F1CAF1800CA4478 /* ListCell.swift */ = {isa = PBXFileReference; fileEncoding = 4; lastKnownFileType = sourcecode.swift; path = ListCell.swift; sourceTree = "<group>"; };
		C7E890051F1D11E900CA4478 /* SearchCell.swift */ = {isa = PBXFileReference; fileEncoding = 4; lastKnownFileType = sourcecode.swift; path = SearchCell.swift; sourceTree = "<group>"; };
		C7E890091F1DABC300CA4478 /* SelectedEventVC.swift */ = {isa = PBXFileReference; fileEncoding = 4; lastKnownFileType = sourcecode.swift; path = SelectedEventVC.swift; sourceTree = "<group>"; };
		C7E8900B1F1DADF300CA4478 /* EventData.swift */ = {isa = PBXFileReference; fileEncoding = 4; lastKnownFileType = sourcecode.swift; path = EventData.swift; sourceTree = "<group>"; };
		E6EF5C997B9626CEF310B455 /* Pods-MeetUpAssessment.release.xcconfig */ = {isa = PBXFileReference; includeInIndex = 1; lastKnownFileType = text.xcconfig; name = "Pods-MeetUpAssessment.release.xcconfig"; path = "Pods/Target Support Files/Pods-MeetUpAssessment/Pods-MeetUpAssessment.release.xcconfig"; sourceTree = "<group>"; };
		F51AC03FF09690CF9075D669 /* Pods_MeetUpAssessment.framework */ = {isa = PBXFileReference; explicitFileType = wrapper.framework; includeInIndex = 0; path = Pods_MeetUpAssessment.framework; sourceTree = BUILT_PRODUCTS_DIR; };
/* End PBXFileReference section */

/* Begin PBXFrameworksBuildPhase section */
		C7E88FCB1F1C6FC800CA4478 /* Frameworks */ = {
			isa = PBXFrameworksBuildPhase;
			buildActionMask = 2147483647;
			files = (
				C7E88FEE1F1C778C00CA4478 /* MapKit.framework in Frameworks */,
				C7E88FEC1F1C778000CA4478 /* CoreLocation.framework in Frameworks */,
				24235FB50C4B185E895372FE /* Pods_MeetUpAssessment.framework in Frameworks */,
			);
			runOnlyForDeploymentPostprocessing = 0;
		};
/* End PBXFrameworksBuildPhase section */

/* Begin PBXGroup section */
		37B71B337F05C5E9CCDEB7A5 /* Pods */ = {
			isa = PBXGroup;
			children = (
				AF3395E2D08A3F0BA09C7998 /* Pods-MeetUpAssessment.debug.xcconfig */,
				E6EF5C997B9626CEF310B455 /* Pods-MeetUpAssessment.release.xcconfig */,
			);
			name = Pods;
			sourceTree = "<group>";
		};
		B649FCF81F3F4051A7804A51 /* Frameworks */ = {
			isa = PBXGroup;
			children = (
				C7E88FED1F1C778C00CA4478 /* MapKit.framework */,
				C7E88FEB1F1C778000CA4478 /* CoreLocation.framework */,
				F51AC03FF09690CF9075D669 /* Pods_MeetUpAssessment.framework */,
			);
			name = Frameworks;
			sourceTree = "<group>";
		};
		C7E88FC51F1C6FC800CA4478 = {
			isa = PBXGroup;
			children = (
				C7E88FD01F1C6FC800CA4478 /* MeetUpAssessment */,
				C7E88FCF1F1C6FC800CA4478 /* Products */,
				37B71B337F05C5E9CCDEB7A5 /* Pods */,
				B649FCF81F3F4051A7804A51 /* Frameworks */,
			);
			sourceTree = "<group>";
		};
		C7E88FCF1F1C6FC800CA4478 /* Products */ = {
			isa = PBXGroup;
			children = (
				C7E88FCE1F1C6FC800CA4478 /* MeetUpAssessment.app */,
			);
			name = Products;
			sourceTree = "<group>";
		};
		C7E88FD01F1C6FC800CA4478 /* MeetUpAssessment */ = {
			isa = PBXGroup;
			children = (
				C7E88FD11F1C6FC800CA4478 /* AppDelegate.swift */,
				C7E88FE61F1C769B00CA4478 /* Storyboard */,
				C7E88FE81F1C76AC00CA4478 /* Controller */,
				C7E88FE71F1C76A100CA4478 /* View */,
				C7E88FE51F1C769000CA4478 /* Model */,
				C7E88FD81F1C6FC800CA4478 /* Assets.xcassets */,
				C7E88FDD1F1C6FC800CA4478 /* Info.plist */,
				C7E88FE31F1C767F00CA4478 /* GoogleService-Info.plist */,
			);
			path = MeetUpAssessment;
			sourceTree = "<group>";
		};
		C7E88FE51F1C769000CA4478 /* Model */ = {
			isa = PBXGroup;
			children = (
				C7E88FF51F1C781400CA4478 /* UserProfile.swift */,
				C7E8900B1F1DADF300CA4478 /* EventData.swift */,
			);
			name = Model;
			sourceTree = "<group>";
		};
		C7E88FE61F1C769B00CA4478 /* Storyboard */ = {
			isa = PBXGroup;
			children = (
				C7E88FF71F1C7A1200CA4478 /* Auth.storyboard */,
				C7E88FD51F1C6FC800CA4478 /* Main.storyboard */,
				C7E88FDA1F1C6FC800CA4478 /* LaunchScreen.storyboard */,
			);
			name = Storyboard;
			sourceTree = "<group>";
		};
		C7E88FE71F1C76A100CA4478 /* View */ = {
			isa = PBXGroup;
			children = (
				C7E88FF91F1CA16500CA4478 /* CircleView.swift */,
				C7E890031F1CAF1800CA4478 /* ListCell.swift */,
				C7E890051F1D11E900CA4478 /* SearchCell.swift */,
			);
			name = View;
			sourceTree = "<group>";
		};
		C7E88FE81F1C76AC00CA4478 /* Controller */ = {
			isa = PBXGroup;
			children = (
				C7E88FEF1F1C77AF00CA4478 /* LoginVC.swift */,
				C7E88FF11F1C77C000CA4478 /* RegisterVC.swift */,
				C7E88FF31F1C77D700CA4478 /* MainVC.swift */,
				C7E88FFB1F1CA99F00CA4478 /* AddVC.swift */,
				C7E88FFD1F1CA9B000CA4478 /* SearchVC.swift */,
				C7E88FFF1F1CAA6800CA4478 /* ProfileVC.swift */,
				C7E890011F1CAA7400CA4478 /* EditProfileVC.swift */,
				C7E890091F1DABC300CA4478 /* SelectedEventVC.swift */,
			);
			name = Controller;
			sourceTree = "<group>";
		};
/* End PBXGroup section */

/* Begin PBXNativeTarget section */
		C7E88FCD1F1C6FC800CA4478 /* MeetUpAssessment */ = {
			isa = PBXNativeTarget;
			buildConfigurationList = C7E88FE01F1C6FC800CA4478 /* Build configuration list for PBXNativeTarget "MeetUpAssessment" */;
			buildPhases = (
				982170353AD762998A6AFFEF /* [CP] Check Pods Manifest.lock */,
				C7E88FCA1F1C6FC800CA4478 /* Sources */,
				C7E88FCB1F1C6FC800CA4478 /* Frameworks */,
				C7E88FCC1F1C6FC800CA4478 /* Resources */,
				238474573CFD3FF7B0EC6212 /* [CP] Embed Pods Frameworks */,
				42E7BBB67B9AA585AAE4311E /* [CP] Copy Pods Resources */,
			);
			buildRules = (
			);
			dependencies = (
			);
			name = MeetUpAssessment;
			productName = MeetUpAssessment;
			productReference = C7E88FCE1F1C6FC800CA4478 /* MeetUpAssessment.app */;
			productType = "com.apple.product-type.application";
		};
/* End PBXNativeTarget section */

/* Begin PBXProject section */
		C7E88FC61F1C6FC800CA4478 /* Project object */ = {
			isa = PBXProject;
			attributes = {
				LastSwiftUpdateCheck = 0830;
				LastUpgradeCheck = 0830;
				ORGANIZATIONNAME = "Andrew Lim";
				TargetAttributes = {
					C7E88FCD1F1C6FC800CA4478 = {
						CreatedOnToolsVersion = 8.3.2;
						DevelopmentTeam = DQCNUZZSN6;
						ProvisioningStyle = Automatic;
					};
				};
			};
			buildConfigurationList = C7E88FC91F1C6FC800CA4478 /* Build configuration list for PBXProject "MeetUpAssessment" */;
			compatibilityVersion = "Xcode 3.2";
			developmentRegion = English;
			hasScannedForEncodings = 0;
			knownRegions = (
				en,
				Base,
			);
			mainGroup = C7E88FC51F1C6FC800CA4478;
			productRefGroup = C7E88FCF1F1C6FC800CA4478 /* Products */;
			projectDirPath = "";
			projectRoot = "";
			targets = (
				C7E88FCD1F1C6FC800CA4478 /* MeetUpAssessment */,
			);
		};
/* End PBXProject section */

/* Begin PBXResourcesBuildPhase section */
		C7E88FCC1F1C6FC800CA4478 /* Resources */ = {
			isa = PBXResourcesBuildPhase;
			buildActionMask = 2147483647;
			files = (
				C7E88FDC1F1C6FC800CA4478 /* LaunchScreen.storyboard in Resources */,
				C7E88FE41F1C767F00CA4478 /* GoogleService-Info.plist in Resources */,
				C7E88FF81F1C7A1200CA4478 /* Auth.storyboard in Resources */,
				C7E88FD91F1C6FC800CA4478 /* Assets.xcassets in Resources */,
				C7E88FD71F1C6FC800CA4478 /* Main.storyboard in Resources */,
			);
			runOnlyForDeploymentPostprocessing = 0;
		};
/* End PBXResourcesBuildPhase section */

/* Begin PBXShellScriptBuildPhase section */
		238474573CFD3FF7B0EC6212 /* [CP] Embed Pods Frameworks */ = {
			isa = PBXShellScriptBuildPhase;
			buildActionMask = 2147483647;
			files = (
			);
			inputPaths = (
			);
			name = "[CP] Embed Pods Frameworks";
			outputPaths = (
			);
			runOnlyForDeploymentPostprocessing = 0;
			shellPath = /bin/sh;
			shellScript = "\"${SRCROOT}/Pods/Target Support Files/Pods-MeetUpAssessment/Pods-MeetUpAssessment-frameworks.sh\"\n";
			showEnvVarsInLog = 0;
		};
		42E7BBB67B9AA585AAE4311E /* [CP] Copy Pods Resources */ = {
			isa = PBXShellScriptBuildPhase;
			buildActionMask = 2147483647;
			files = (
			);
			inputPaths = (
			);
			name = "[CP] Copy Pods Resources";
			outputPaths = (
			);
			runOnlyForDeploymentPostprocessing = 0;
			shellPath = /bin/sh;
			shellScript = "\"${SRCROOT}/Pods/Target Support Files/Pods-MeetUpAssessment/Pods-MeetUpAssessment-resources.sh\"\n";
			showEnvVarsInLog = 0;
		};
		982170353AD762998A6AFFEF /* [CP] Check Pods Manifest.lock */ = {
			isa = PBXShellScriptBuildPhase;
			buildActionMask = 2147483647;
			files = (
			);
			inputPaths = (
			);
			name = "[CP] Check Pods Manifest.lock";
			outputPaths = (
			);
			runOnlyForDeploymentPostprocessing = 0;
			shellPath = /bin/sh;
			shellScript = "diff \"${PODS_PODFILE_DIR_PATH}/Podfile.lock\" \"${PODS_ROOT}/Manifest.lock\" > /dev/null\nif [ $? != 0 ] ; then\n    # print error to STDERR\n    echo \"error: The sandbox is not in sync with the Podfile.lock. Run 'pod install' or update your CocoaPods installation.\" >&2\n    exit 1\nfi\n";
			showEnvVarsInLog = 0;
		};
/* End PBXShellScriptBuildPhase section */

/* Begin PBXSourcesBuildPhase section */
		C7E88FCA1F1C6FC800CA4478 /* Sources */ = {
			isa = PBXSourcesBuildPhase;
			buildActionMask = 2147483647;
			files = (
				C7E890021F1CAA7400CA4478 /* EditProfileVC.swift in Sources */,
				C7E890061F1D11E900CA4478 /* SearchCell.swift in Sources */,
				C7E8900C1F1DADF300CA4478 /* EventData.swift in Sources */,
				C7E88FFE1F1CA9B000CA4478 /* SearchVC.swift in Sources */,
				C7E8900A1F1DABC300CA4478 /* SelectedEventVC.swift in Sources */,
				C7E88FFA1F1CA16500CA4478 /* CircleView.swift in Sources */,
				C7E88FF21F1C77C000CA4478 /* RegisterVC.swift in Sources */,
				C7E890001F1CAA6800CA4478 /* ProfileVC.swift in Sources */,
				C7E88FF41F1C77D700CA4478 /* MainVC.swift in Sources */,
				C7E890041F1CAF1800CA4478 /* ListCell.swift in Sources */,
				C7E88FF61F1C781400CA4478 /* UserProfile.swift in Sources */,
				C7E88FF01F1C77AF00CA4478 /* LoginVC.swift in Sources */,
				C7E88FFC1F1CA99F00CA4478 /* AddVC.swift in Sources */,
				C7E88FD21F1C6FC800CA4478 /* AppDelegate.swift in Sources */,
			);
			runOnlyForDeploymentPostprocessing = 0;
		};
/* End PBXSourcesBuildPhase section */

/* Begin PBXVariantGroup section */
		C7E88FD51F1C6FC800CA4478 /* Main.storyboard */ = {
			isa = PBXVariantGroup;
			children = (
				C7E88FD61F1C6FC800CA4478 /* Base */,
			);
			name = Main.storyboard;
			sourceTree = "<group>";
		};
		C7E88FDA1F1C6FC800CA4478 /* LaunchScreen.storyboard */ = {
			isa = PBXVariantGroup;
			children = (
				C7E88FDB1F1C6FC800CA4478 /* Base */,
			);
			name = LaunchScreen.storyboard;
			sourceTree = "<group>";
		};
/* End PBXVariantGroup section */

/* Begin XCBuildConfiguration section */
		C7E88FDE1F1C6FC800CA4478 /* Debug */ = {
			isa = XCBuildConfiguration;
			buildSettings = {
				ALWAYS_SEARCH_USER_PATHS = NO;
				CLANG_ANALYZER_NONNULL = YES;
				CLANG_ANALYZER_NUMBER_OBJECT_CONVERSION = YES_AGGRESSIVE;
				CLANG_CXX_LANGUAGE_STANDARD = "gnu++0x";
				CLANG_CXX_LIBRARY = "libc++";
				CLANG_ENABLE_MODULES = YES;
				CLANG_ENABLE_OBJC_ARC = YES;
				CLANG_WARN_BOOL_CONVERSION = YES;
				CLANG_WARN_CONSTANT_CONVERSION = YES;
				CLANG_WARN_DIRECT_OBJC_ISA_USAGE = YES_ERROR;
				CLANG_WARN_DOCUMENTATION_COMMENTS = YES;
				CLANG_WARN_EMPTY_BODY = YES;
				CLANG_WARN_ENUM_CONVERSION = YES;
				CLANG_WARN_INFINITE_RECURSION = YES;
				CLANG_WARN_INT_CONVERSION = YES;
				CLANG_WARN_OBJC_ROOT_CLASS = YES_ERROR;
				CLANG_WARN_SUSPICIOUS_MOVE = YES;
				CLANG_WARN_UNREACHABLE_CODE = YES;
				CLANG_WARN__DUPLICATE_METHOD_MATCH = YES;
				"CODE_SIGN_IDENTITY[sdk=iphoneos*]" = "iPhone Developer";
				COPY_PHASE_STRIP = NO;
				DEBUG_INFORMATION_FORMAT = dwarf;
				ENABLE_STRICT_OBJC_MSGSEND = YES;
				ENABLE_TESTABILITY = YES;
				GCC_C_LANGUAGE_STANDARD = gnu99;
				GCC_DYNAMIC_NO_PIC = NO;
				GCC_NO_COMMON_BLOCKS = YES;
				GCC_OPTIMIZATION_LEVEL = 0;
				GCC_PREPROCESSOR_DEFINITIONS = (
					"DEBUG=1",
					"$(inherited)",
				);
				GCC_WARN_64_TO_32_BIT_CONVERSION = YES;
				GCC_WARN_ABOUT_RETURN_TYPE = YES_ERROR;
				GCC_WARN_UNDECLARED_SELECTOR = YES;
				GCC_WARN_UNINITIALIZED_AUTOS = YES_AGGRESSIVE;
				GCC_WARN_UNUSED_FUNCTION = YES;
				GCC_WARN_UNUSED_VARIABLE = YES;
				IPHONEOS_DEPLOYMENT_TARGET = 10.3;
				MTL_ENABLE_DEBUG_INFO = YES;
				ONLY_ACTIVE_ARCH = YES;
				SDKROOT = iphoneos;
				SWIFT_ACTIVE_COMPILATION_CONDITIONS = DEBUG;
				SWIFT_OPTIMIZATION_LEVEL = "-Onone";
			};
			name = Debug;
		};
		C7E88FDF1F1C6FC800CA4478 /* Release */ = {
			isa = XCBuildConfiguration;
			buildSettings = {
				ALWAYS_SEARCH_USER_PATHS = NO;
				CLANG_ANALYZER_NONNULL = YES;
				CLANG_ANALYZER_NUMBER_OBJECT_CONVERSION = YES_AGGRESSIVE;
				CLANG_CXX_LANGUAGE_STANDARD = "gnu++0x";
				CLANG_CXX_LIBRARY = "libc++";
				CLANG_ENABLE_MODULES = YES;
				CLANG_ENABLE_OBJC_ARC = YES;
				CLANG_WARN_BOOL_CONVERSION = YES;
				CLANG_WARN_CONSTANT_CONVERSION = YES;
				CLANG_WARN_DIRECT_OBJC_ISA_USAGE = YES_ERROR;
				CLANG_WARN_DOCUMENTATION_COMMENTS = YES;
				CLANG_WARN_EMPTY_BODY = YES;
				CLANG_WARN_ENUM_CONVERSION = YES;
				CLANG_WARN_INFINITE_RECURSION = YES;
				CLANG_WARN_INT_CONVERSION = YES;
				CLANG_WARN_OBJC_ROOT_CLASS = YES_ERROR;
				CLANG_WARN_SUSPICIOUS_MOVE = YES;
				CLANG_WARN_UNREACHABLE_CODE = YES;
				CLANG_WARN__DUPLICATE_METHOD_MATCH = YES;
				"CODE_SIGN_IDENTITY[sdk=iphoneos*]" = "iPhone Developer";
				COPY_PHASE_STRIP = NO;
				DEBUG_INFORMATION_FORMAT = "dwarf-with-dsym";
				ENABLE_NS_ASSERTIONS = NO;
				ENABLE_STRICT_OBJC_MSGSEND = YES;
				GCC_C_LANGUAGE_STANDARD = gnu99;
				GCC_NO_COMMON_BLOCKS = YES;
				GCC_WARN_64_TO_32_BIT_CONVERSION = YES;
				GCC_WARN_ABOUT_RETURN_TYPE = YES_ERROR;
				GCC_WARN_UNDECLARED_SELECTOR = YES;
				GCC_WARN_UNINITIALIZED_AUTOS = YES_AGGRESSIVE;
				GCC_WARN_UNUSED_FUNCTION = YES;
				GCC_WARN_UNUSED_VARIABLE = YES;
				IPHONEOS_DEPLOYMENT_TARGET = 10.3;
				MTL_ENABLE_DEBUG_INFO = NO;
				SDKROOT = iphoneos;
				SWIFT_OPTIMIZATION_LEVEL = "-Owholemodule";
				VALIDATE_PRODUCT = YES;
			};
			name = Release;
		};
		C7E88FE11F1C6FC800CA4478 /* Debug */ = {
			isa = XCBuildConfiguration;
			baseConfigurationReference = AF3395E2D08A3F0BA09C7998 /* Pods-MeetUpAssessment.debug.xcconfig */;
			buildSettings = {
				ASSETCATALOG_COMPILER_APPICON_NAME = AppIcon;
				DEVELOPMENT_TEAM = DQCNUZZSN6;
				INFOPLIST_FILE = MeetUpAssessment/Info.plist;
				LD_RUNPATH_SEARCH_PATHS = "$(inherited) @executable_path/Frameworks";
				PRODUCT_BUNDLE_IDENTIFIER = com.andrewlim7.MeetUpAssessment;
				PRODUCT_NAME = "$(TARGET_NAME)";
				SWIFT_VERSION = 3.0;
			};
			name = Debug;
		};
		C7E88FE21F1C6FC800CA4478 /* Release */ = {
			isa = XCBuildConfiguration;
			baseConfigurationReference = E6EF5C997B9626CEF310B455 /* Pods-MeetUpAssessment.release.xcconfig */;
			buildSettings = {
				ASSETCATALOG_COMPILER_APPICON_NAME = AppIcon;
				DEVELOPMENT_TEAM = DQCNUZZSN6;
				INFOPLIST_FILE = MeetUpAssessment/Info.plist;
				LD_RUNPATH_SEARCH_PATHS = "$(inherited) @executable_path/Frameworks";
				PRODUCT_BUNDLE_IDENTIFIER = com.andrewlim7.MeetUpAssessment;
				PRODUCT_NAME = "$(TARGET_NAME)";
				SWIFT_VERSION = 3.0;
			};
			name = Release;
		};
/* End XCBuildConfiguration section */

/* Begin XCConfigurationList section */
		C7E88FC91F1C6FC800CA4478 /* Build configuration list for PBXProject "MeetUpAssessment" */ = {
			isa = XCConfigurationList;
			buildConfigurations = (
				C7E88FDE1F1C6FC800CA4478 /* Debug */,
				C7E88FDF1F1C6FC800CA4478 /* Release */,
			);
			defaultConfigurationIsVisible = 0;
			defaultConfigurationName = Release;
		};
		C7E88FE01F1C6FC800CA4478 /* Build configuration list for PBXNativeTarget "MeetUpAssessment" */ = {
			isa = XCConfigurationList;
			buildConfigurations = (
				C7E88FE11F1C6FC800CA4478 /* Debug */,
				C7E88FE21F1C6FC800CA4478 /* Release */,
			);
			defaultConfigurationIsVisible = 0;
			defaultConfigurationName = Release;
		};
/* End XCConfigurationList section */
	};
	rootObject = C7E88FC61F1C6FC800CA4478 /* Project object */;
}
